
Microsoft Visual Studio Solution File, Format Version 12.00
# Visual Studio 2012
Project("{FAE04EC0-301F-11D3-BF4B-00C04F79EFBC}") = "WebClient", "WebClient\WebClient.csproj", "{99C4896A-6481-48EF-B0E5-56925F81DDA7}"
EndProject
Project("{FAE04EC0-301F-11D3-BF4B-00C04F79EFBC}") = "WmsPlugin", "WmsPlugin\WmsPlugin.csproj", "{FAB977BA-4665-486B-815C-00DAE4D9FA16}"
EndProject
Project("{FAE04EC0-301F-11D3-BF4B-00C04F79EFBC}") = "CSharp VS2012 WmsPluginService", "WmsPluginService\CSharp VS2012 WmsPluginService.csproj", "{37084AE1-5E49-4820-AE8B-DD574AEDE1AA}"
EndProject
Global
	GlobalSection(SolutionConfigurationPlatforms) = preSolution
		Debug|Any CPU = Debug|Any CPU
		Release|Any CPU = Release|Any CPU
	EndGlobalSection
	GlobalSection(ProjectConfigurationPlatforms) = postSolution
		{99C4896A-6481-48EF-B0E5-56925F81DDA7}.Debug|Any CPU.ActiveCfg = Debug|Any CPU
		{99C4896A-6481-48EF-B0E5-56925F81DDA7}.Debug|Any CPU.Build.0 = Debug|Any CPU
		{99C4896A-6481-48EF-B0E5-56925F81DDA7}.Release|Any CPU.ActiveCfg = Release|Any CPU
		{99C4896A-6481-48EF-B0E5-56925F81DDA7}.Release|Any CPU.Build.0 = Release|Any CPU
		{FAB977BA-4665-486B-815C-00DAE4D9FA16}.Debug|Any CPU.ActiveCfg = Debug|Any CPU
		{FAB977BA-4665-486B-815C-00DAE4D9FA16}.Debug|Any CPU.Build.0 = Debug|Any CPU
		{FAB977BA-4665-486B-815C-00DAE4D9FA16}.Release|Any CPU.ActiveCfg = Release|Any CPU
		{FAB977BA-4665-486B-815C-00DAE4D9FA16}.Release|Any CPU.Build.0 = Release|Any CPU
		{37084AE1-5E49-4820-AE8B-DD574AEDE1AA}.Debug|Any CPU.ActiveCfg = Debug|Any CPU
		{37084AE1-5E49-4820-AE8B-DD574AEDE1AA}.Debug|Any CPU.Build.0 = Debug|Any CPU
		{37084AE1-5E49-4820-AE8B-DD574AEDE1AA}.Release|Any CPU.ActiveCfg = Release|Any CPU
		{37084AE1-5E49-4820-AE8B-DD574AEDE1AA}.Release|Any CPU.Build.0 = Release|Any CPU
	EndGlobalSection
	GlobalSection(SolutionProperties) = preSolution
		HideSolutionNode = FALSE
	EndGlobalSection
EndGlobal
